
Microsoft Visual Studio Solution File, Format Version 12.00
# Visual Studio Version 16
VisualStudioVersion = 16.0.30803.129
MinimumVisualStudioVersion = 10.0.40219.1
Project("{9A19103F-16F7-4668-BE54-9A1E7A4F7556}") = "micro-c-web.Server", "micro-c-web\Server\micro-c-web.Server.csproj", "{65A15EBD-0E7F-4151-A67A-671A9ACAFDA1}"
EndProject
Project("{9A19103F-16F7-4668-BE54-9A1E7A4F7556}") = "micro-c-web.Client", "micro-c-web\Client\micro-c-web.Client.csproj", "{3AF0498C-3864-4E9D-A74F-B6C90770DD7E}"
EndProject
Project("{9A19103F-16F7-4668-BE54-9A1E7A4F7556}") = "micro-c-web.Shared", "micro-c-web\Shared\micro-c-web.Shared.csproj", "{5C69E152-E34E-40DE-BD13-FA3D58CC29B3}"
EndProject
Project("{E53339B2-1760-4266-BCC7-CA923CBCF16C}") = "docker-compose", "docker-compose.dcproj", "{77DD13BC-14B9-4A0F-8643-CFCF92FDA9B2}"
EndProject
Global
	GlobalSection(SolutionConfigurationPlatforms) = preSolution
		Debug|Any CPU = Debug|Any CPU
		Release|Any CPU = Release|Any CPU
	EndGlobalSection
	GlobalSection(ProjectConfigurationPlatforms) = postSolution
		{65A15EBD-0E7F-4151-A67A-671A9ACAFDA1}.Debug|Any CPU.ActiveCfg = Debug|Any CPU
		{65A15EBD-0E7F-4151-A67A-671A9ACAFDA1}.Debug|Any CPU.Build.0 = Debug|Any CPU
		{65A15EBD-0E7F-4151-A67A-671A9ACAFDA1}.Release|Any CPU.ActiveCfg = Release|Any CPU
		{65A15EBD-0E7F-4151-A67A-671A9ACAFDA1}.Release|Any CPU.Build.0 = Release|Any CPU
		{3AF0498C-3864-4E9D-A74F-B6C90770DD7E}.Debug|Any CPU.ActiveCfg = Debug|Any CPU
		{3AF0498C-3864-4E9D-A74F-B6C90770DD7E}.Debug|Any CPU.Build.0 = Debug|Any CPU
		{3AF0498C-3864-4E9D-A74F-B6C90770DD7E}.Release|Any CPU.ActiveCfg = Release|Any CPU
		{3AF0498C-3864-4E9D-A74F-B6C90770DD7E}.Release|Any CPU.Build.0 = Release|Any CPU
		{5C69E152-E34E-40DE-BD13-FA3D58CC29B3}.Debug|Any CPU.ActiveCfg = Debug|Any CPU
		{5C69E152-E34E-40DE-BD13-FA3D58CC29B3}.Debug|Any CPU.Build.0 = Debug|Any CPU
		{5C69E152-E34E-40DE-BD13-FA3D58CC29B3}.Release|Any CPU.ActiveCfg = Release|Any CPU
		{5C69E152-E34E-40DE-BD13-FA3D58CC29B3}.Release|Any CPU.Build.0 = Release|Any CPU
		{77DD13BC-14B9-4A0F-8643-CFCF92FDA9B2}.Debug|Any CPU.ActiveCfg = Debug|Any CPU
		{77DD13BC-14B9-4A0F-8643-CFCF92FDA9B2}.Debug|Any CPU.Build.0 = Debug|Any CPU
		{77DD13BC-14B9-4A0F-8643-CFCF92FDA9B2}.Release|Any CPU.ActiveCfg = Release|Any CPU
		{77DD13BC-14B9-4A0F-8643-CFCF92FDA9B2}.Release|Any CPU.Build.0 = Release|Any CPU
	EndGlobalSection
	GlobalSection(SolutionProperties) = preSolution
		HideSolutionNode = FALSE
	EndGlobalSection
	GlobalSection(ExtensibilityGlobals) = postSolution
		SolutionGuid = {63D32EE4-E06C-4617-8ED4-A5213FAD7EC6}
	EndGlobalSection
EndGlobal
